
Microsoft Visual Studio Solution File, Format Version 12.00
# Visual Studio 2013
VisualStudioVersion = 12.0.31101.0
MinimumVisualStudioVersion = 10.0.40219.1
Project("{8BC9CEB8-8B4A-11D0-8D11-00A0C91BC942}") = "simplebmxplayer", "simplebmxplayer\simplebmxplayer.vcxproj", "{31AFC055-6B30-4ED3-8E41-4778437435A3}"
	ProjectSection(ProjectDependencies) = postProject
		{29707C0A-73E2-43DE-8F6D-F2DB06808D14} = {29707C0A-73E2-43DE-8F6D-F2DB06808D14}
		{0F21B847-7295-4BD3-A966-C66C9D34353E} = {0F21B847-7295-4BD3-A966-C66C9D34353E}
		{63720C68-10F3-44B7-BF1A-840F060929DF} = {63720C68-10F3-44B7-BF1A-840F060929DF}
		{0682799E-A922-4CD1-8643-F99FB4C44BE7} = {0682799E-A922-4CD1-8643-F99FB4C44BE7}
		{D1C528B6-AA02-4D29-9D61-DC08E317A70D} = {D1C528B6-AA02-4D29-9D61-DC08E317A70D}
	EndProjectSection
EndProject
Project("{8BC9CEB8-8B4A-11D0-8D11-00A0C91BC942}") = "skinparser", "skinparser\skinparser.vcxproj", "{6F9F2C5D-76B4-47EF-B03C-2BC7489F36EF}"
EndProject
Project("{8BC9CEB8-8B4A-11D0-8D11-00A0C91BC942}") = "Lua", "extern\Lua\Lua.vcxproj", "{63720C68-10F3-44B7-BF1A-840F060929DF}"
EndProject
Project("{8BC9CEB8-8B4A-11D0-8D11-00A0C91BC942}") = "sqlite", "extern\sqlite\sqlite.vcxproj", "{0682799E-A922-4CD1-8643-F99FB4C44BE7}"
EndProject
Project("{8BC9CEB8-8B4A-11D0-8D11-00A0C91BC942}") = "tinyxml2", "extern\tinyxml2\tinyxml2\tinyxml2.vcxproj", "{D1C528B6-AA02-4D29-9D61-DC08E317A70D}"
EndProject
Project("{8BC9CEB8-8B4A-11D0-8D11-00A0C91BC942}") = "SDL2_mixer", "extern\SDL2_mixer-2.0.0\VisualC\SDL2_mixer_rev.vcxproj", "{0F21B847-7295-4BD3-A966-C66C9D34353E}"
EndProject
Project("{8BC9CEB8-8B4A-11D0-8D11-00A0C91BC942}") = "bmsbel", "extern\bmsbelplus\bmsbel\bmsbel.vcxproj", "{29707C0A-73E2-43DE-8F6D-F2DB06808D14}"
EndProject
Project("{8BC9CEB8-8B4A-11D0-8D11-00A0C91BC942}") = "libiconv", "extern\bmsbelplus\libiconv\libiconv.vcxproj", "{754C626F-CD15-4A66-943A-A0299721E5F6}"
EndProject
Global
	GlobalSection(SolutionConfigurationPlatforms) = preSolution
		Debug|Win32 = Debug|Win32
		Debug|x64 = Debug|x64
		Debug-Dll|Win32 = Debug-Dll|Win32
		Debug-Dll|x64 = Debug-Dll|x64
		Debug-Lib|Win32 = Debug-Lib|Win32
		Debug-Lib|x64 = Debug-Lib|x64
		Release|Win32 = Release|Win32
		Release|x64 = Release|x64
		Release-Dll|Win32 = Release-Dll|Win32
		Release-Dll|x64 = Release-Dll|x64
		Release-Lib|Win32 = Release-Lib|Win32
		Release-Lib|x64 = Release-Lib|x64
	EndGlobalSection
	GlobalSection(ProjectConfigurationPlatforms) = postSolution
		{31AFC055-6B30-4ED3-8E41-4778437435A3}.Debug|Win32.ActiveCfg = Debug|Win32
		{31AFC055-6B30-4ED3-8E41-4778437435A3}.Debug|Win32.Build.0 = Debug|Win32
		{31AFC055-6B30-4ED3-8E41-4778437435A3}.Debug|x64.ActiveCfg = Debug|Win32
		{31AFC055-6B30-4ED3-8E41-4778437435A3}.Debug-Dll|Win32.ActiveCfg = Debug|Win32
		{31AFC055-6B30-4ED3-8E41-4778437435A3}.Debug-Dll|Win32.Build.0 = Debug|Win32
		{31AFC055-6B30-4ED3-8E41-4778437435A3}.Debug-Dll|x64.ActiveCfg = Debug|Win32
		{31AFC055-6B30-4ED3-8E41-4778437435A3}.Debug-Lib|Win32.ActiveCfg = Debug|Win32
		{31AFC055-6B30-4ED3-8E41-4778437435A3}.Debug-Lib|Win32.Build.0 = Debug|Win32
		{31AFC055-6B30-4ED3-8E41-4778437435A3}.Debug-Lib|x64.ActiveCfg = Debug|Win32
		{31AFC055-6B30-4ED3-8E41-4778437435A3}.Release|Win32.ActiveCfg = Release|Win32
		{31AFC055-6B30-4ED3-8E41-4778437435A3}.Release|Win32.Build.0 = Release|Win32
		{31AFC055-6B30-4ED3-8E41-4778437435A3}.Release|x64.ActiveCfg = Release|Win32
		{31AFC055-6B30-4ED3-8E41-4778437435A3}.Release-Dll|Win32.ActiveCfg = Release|Win32
		{31AFC055-6B30-4ED3-8E41-4778437435A3}.Release-Dll|Win32.Build.0 = Release|Win32
		{31AFC055-6B30-4ED3-8E41-4778437435A3}.Release-Dll|x64.ActiveCfg = Release|Win32
		{31AFC055-6B30-4ED3-8E41-4778437435A3}.Release-Lib|Win32.ActiveCfg = Release|Win32
		{31AFC055-6B30-4ED3-8E41-4778437435A3}.Release-Lib|Win32.Build.0 = Release|Win32
		{31AFC055-6B30-4ED3-8E41-4778437435A3}.Release-Lib|x64.ActiveCfg = Release|Win32
		{6F9F2C5D-76B4-47EF-B03C-2BC7489F36EF}.Debug|Win32.ActiveCfg = Debug|Win32
		{6F9F2C5D-76B4-47EF-B03C-2BC7489F36EF}.Debug|Win32.Build.0 = Debug|Win32
		{6F9F2C5D-76B4-47EF-B03C-2BC7489F36EF}.Debug|x64.ActiveCfg = Debug|Win32
		{6F9F2C5D-76B4-47EF-B03C-2BC7489F36EF}.Debug-Dll|Win32.ActiveCfg = Debug|Win32
		{6F9F2C5D-76B4-47EF-B03C-2BC7489F36EF}.Debug-Dll|Win32.Build.0 = Debug|Win32
		{6F9F2C5D-76B4-47EF-B03C-2BC7489F36EF}.Debug-Dll|x64.ActiveCfg = Debug|Win32
		{6F9F2C5D-76B4-47EF-B03C-2BC7489F36EF}.Debug-Lib|Win32.ActiveCfg = Debug|Win32
		{6F9F2C5D-76B4-47EF-B03C-2BC7489F36EF}.Debug-Lib|Win32.Build.0 = Debug|Win32
		{6F9F2C5D-76B4-47EF-B03C-2BC7489F36EF}.Debug-Lib|x64.ActiveCfg = Debug|Win32
		{6F9F2C5D-76B4-47EF-B03C-2BC7489F36EF}.Release|Win32.ActiveCfg = Release|Win32
		{6F9F2C5D-76B4-47EF-B03C-2BC7489F36EF}.Release|Win32.Build.0 = Release|Win32
		{6F9F2C5D-76B4-47EF-B03C-2BC7489F36EF}.Release|x64.ActiveCfg = Release|Win32
		{6F9F2C5D-76B4-47EF-B03C-2BC7489F36EF}.Release-Dll|Win32.ActiveCfg = Release|Win32
		{6F9F2C5D-76B4-47EF-B03C-2BC7489F36EF}.Release-Dll|Win32.Build.0 = Release|Win32
		{6F9F2C5D-76B4-47EF-B03C-2BC7489F36EF}.Release-Dll|x64.ActiveCfg = Release|Win32
		{6F9F2C5D-76B4-47EF-B03C-2BC7489F36EF}.Release-Lib|Win32.ActiveCfg = Release|Win32
		{6F9F2C5D-76B4-47EF-B03C-2BC7489F36EF}.Release-Lib|Win32.Build.0 = Release|Win32
		{6F9F2C5D-76B4-47EF-B03C-2BC7489F36EF}.Release-Lib|x64.ActiveCfg = Release|Win32
		{63720C68-10F3-44B7-BF1A-840F060929DF}.Debug|Win32.ActiveCfg = Debug|Win32
		{63720C68-10F3-44B7-BF1A-840F060929DF}.Debug|Win32.Build.0 = Debug|Win32
		{63720C68-10F3-44B7-BF1A-840F060929DF}.Debug|x64.ActiveCfg = Debug|Win32
		{63720C68-10F3-44B7-BF1A-840F060929DF}.Debug-Dll|Win32.ActiveCfg = Debug|Win32
		{63720C68-10F3-44B7-BF1A-840F060929DF}.Debug-Dll|Win32.Build.0 = Debug|Win32
		{63720C68-10F3-44B7-BF1A-840F060929DF}.Debug-Dll|x64.ActiveCfg = Debug|Win32
		{63720C68-10F3-44B7-BF1A-840F060929DF}.Debug-Lib|Win32.ActiveCfg = Debug|Win32
		{63720C68-10F3-44B7-BF1A-840F060929DF}.Debug-Lib|Win32.Build.0 = Debug|Win32
		{63720C68-10F3-44B7-BF1A-840F060929DF}.Debug-Lib|x64.ActiveCfg = Debug|Win32
		{63720C68-10F3-44B7-BF1A-840F060929DF}.Release|Win32.ActiveCfg = Release|Win32
		{63720C68-10F3-44B7-BF1A-840F060929DF}.Release|Win32.Build.0 = Release|Win32
		{63720C68-10F3-44B7-BF1A-840F060929DF}.Release|x64.ActiveCfg = Release|Win32
		{63720C68-10F3-44B7-BF1A-840F060929DF}.Release-Dll|Win32.ActiveCfg = Release|Win32
		{63720C68-10F3-44B7-BF1A-840F060929DF}.Release-Dll|Win32.Build.0 = Release|Win32
		{63720C68-10F3-44B7-BF1A-840F060929DF}.Release-Dll|x64.ActiveCfg = Release|Win32
		{63720C68-10F3-44B7-BF1A-840F060929DF}.Release-Lib|Win32.ActiveCfg = Release|Win32
		{63720C68-10F3-44B7-BF1A-840F060929DF}.Release-Lib|Win32.Build.0 = Release|Win32
		{63720C68-10F3-44B7-BF1A-840F060929DF}.Release-Lib|x64.ActiveCfg = Release|Win32
		{0682799E-A922-4CD1-8643-F99FB4C44BE7}.Debug|Win32.ActiveCfg = Debug|Win32
		{0682799E-A922-4CD1-8643-F99FB4C44BE7}.Debug|Win32.Build.0 = Debug|Win32
		{0682799E-A922-4CD1-8643-F99FB4C44BE7}.Debug|x64.ActiveCfg = Debug|Win32
		{0682799E-A922-4CD1-8643-F99FB4C44BE7}.Debug-Dll|Win32.ActiveCfg = Debug|Win32
		{0682799E-A922-4CD1-8643-F99FB4C44BE7}.Debug-Dll|Win32.Build.0 = Debug|Win32
		{0682799E-A922-4CD1-8643-F99FB4C44BE7}.Debug-Dll|x64.ActiveCfg = Debug|Win32
		{0682799E-A922-4CD1-8643-F99FB4C44BE7}.Debug-Lib|Win32.ActiveCfg = Debug|Win32
		{0682799E-A922-4CD1-8643-F99FB4C44BE7}.Debug-Lib|Win32.Build.0 = Debug|Win32
		{0682799E-A922-4CD1-8643-F99FB4C44BE7}.Debug-Lib|x64.ActiveCfg = Debug|Win32
		{0682799E-A922-4CD1-8643-F99FB4C44BE7}.Release|Win32.ActiveCfg = Release|Win32
		{0682799E-A922-4CD1-8643-F99FB4C44BE7}.Release|Win32.Build.0 = Release|Win32
		{0682799E-A922-4CD1-8643-F99FB4C44BE7}.Release|x64.ActiveCfg = Release|Win32
		{0682799E-A922-4CD1-8643-F99FB4C44BE7}.Release-Dll|Win32.ActiveCfg = Release|Win32
		{0682799E-A922-4CD1-8643-F99FB4C44BE7}.Release-Dll|Win32.Build.0 = Release|Win32
		{0682799E-A922-4CD1-8643-F99FB4C44BE7}.Release-Dll|x64.ActiveCfg = Release|Win32
		{0682799E-A922-4CD1-8643-F99FB4C44BE7}.Release-Lib|Win32.ActiveCfg = Release|Win32
		{0682799E-A922-4CD1-8643-F99FB4C44BE7}.Release-Lib|Win32.Build.0 = Release|Win32
		{0682799E-A922-4CD1-8643-F99FB4C44BE7}.Release-Lib|x64.ActiveCfg = Release|Win32
		{D1C528B6-AA02-4D29-9D61-DC08E317A70D}.Debug|Win32.ActiveCfg = Debug-Lib|Win32
		{D1C528B6-AA02-4D29-9D61-DC08E317A70D}.Debug|Win32.Build.0 = Debug-Lib|Win32
		{D1C528B6-AA02-4D29-9D61-DC08E317A70D}.Debug|x64.ActiveCfg = Debug-Dll|x64
		{D1C528B6-AA02-4D29-9D61-DC08E317A70D}.Debug|x64.Build.0 = Debug-Dll|x64
		{D1C528B6-AA02-4D29-9D61-DC08E317A70D}.Debug-Dll|Win32.ActiveCfg = Debug-Dll|Win32
		{D1C528B6-AA02-4D29-9D61-DC08E317A70D}.Debug-Dll|Win32.Build.0 = Debug-Dll|Win32
		{D1C528B6-AA02-4D29-9D61-DC08E317A70D}.Debug-Dll|x64.ActiveCfg = Debug-Dll|x64
		{D1C528B6-AA02-4D29-9D61-DC08E317A70D}.Debug-Dll|x64.Build.0 = Debug-Dll|x64
		{D1C528B6-AA02-4D29-9D61-DC08E317A70D}.Debug-Lib|Win32.ActiveCfg = Debug-Lib|Win32
		{D1C528B6-AA02-4D29-9D61-DC08E317A70D}.Debug-Lib|Win32.Build.0 = Debug-Lib|Win32
		{D1C528B6-AA02-4D29-9D61-DC08E317A70D}.Debug-Lib|x64.ActiveCfg = Debug-Lib|x64
		{D1C528B6-AA02-4D29-9D61-DC08E317A70D}.Debug-Lib|x64.Build.0 = Debug-Lib|x64
		{D1C528B6-AA02-4D29-9D61-DC08E317A70D}.Release|Win32.ActiveCfg = Release-Lib|Win32
		{D1C528B6-AA02-4D29-9D61-DC08E317A70D}.Release|Win32.Build.0 = Release-Lib|Win32
		{D1C528B6-AA02-4D29-9D61-DC08E317A70D}.Release|x64.ActiveCfg = Release-Lib|x64
		{D1C528B6-AA02-4D29-9D61-DC08E317A70D}.Release|x64.Build.0 = Release-Lib|x64
		{D1C528B6-AA02-4D29-9D61-DC08E317A70D}.Release-Dll|Win32.ActiveCfg = Release-Dll|Win32
		{D1C528B6-AA02-4D29-9D61-DC08E317A70D}.Release-Dll|Win32.Build.0 = Release-Dll|Win32
		{D1C528B6-AA02-4D29-9D61-DC08E317A70D}.Release-Dll|x64.ActiveCfg = Release-Dll|x64
		{D1C528B6-AA02-4D29-9D61-DC08E317A70D}.Release-Dll|x64.Build.0 = Release-Dll|x64
		{D1C528B6-AA02-4D29-9D61-DC08E317A70D}.Release-Lib|Win32.ActiveCfg = Release-Lib|Win32
		{D1C528B6-AA02-4D29-9D61-DC08E317A70D}.Release-Lib|Win32.Build.0 = Release-Lib|Win32
		{D1C528B6-AA02-4D29-9D61-DC08E317A70D}.Release-Lib|x64.ActiveCfg = Release-Lib|x64
		{D1C528B6-AA02-4D29-9D61-DC08E317A70D}.Release-Lib|x64.Build.0 = Release-Lib|x64
		{0F21B847-7295-4BD3-A966-C66C9D34353E}.Debug|Win32.ActiveCfg = Debug|Win32
		{0F21B847-7295-4BD3-A966-C66C9D34353E}.Debug|Win32.Build.0 = Debug|Win32
		{0F21B847-7295-4BD3-A966-C66C9D34353E}.Debug|x64.ActiveCfg = Debug|Win32
		{0F21B847-7295-4BD3-A966-C66C9D34353E}.Debug-Dll|Win32.ActiveCfg = Debug|Win32
		{0F21B847-7295-4BD3-A966-C66C9D34353E}.Debug-Dll|Win32.Build.0 = Debug|Win32
		{0F21B847-7295-4BD3-A966-C66C9D34353E}.Debug-Dll|x64.ActiveCfg = Debug|Win32
		{0F21B847-7295-4BD3-A966-C66C9D34353E}.Debug-Lib|Win32.ActiveCfg = Debug|Win32
		{0F21B847-7295-4BD3-A966-C66C9D34353E}.Debug-Lib|Win32.Build.0 = Debug|Win32
		{0F21B847-7295-4BD3-A966-C66C9D34353E}.Debug-Lib|x64.ActiveCfg = Debug|Win32
		{0F21B847-7295-4BD3-A966-C66C9D34353E}.Release|Win32.ActiveCfg = Release|Win32
		{0F21B847-7295-4BD3-A966-C66C9D34353E}.Release|Win32.Build.0 = Release|Win32
		{0F21B847-7295-4BD3-A966-C66C9D34353E}.Release|x64.ActiveCfg = Release|Win32
		{0F21B847-7295-4BD3-A966-C66C9D34353E}.Release-Dll|Win32.ActiveCfg = Release|Win32
		{0F21B847-7295-4BD3-A966-C66C9D34353E}.Release-Dll|Win32.Build.0 = Release|Win32
		{0F21B847-7295-4BD3-A966-C66C9D34353E}.Release-Dll|x64.ActiveCfg = Release|Win32
		{0F21B847-7295-4BD3-A966-C66C9D34353E}.Release-Lib|Win32.ActiveCfg = Release|Win32
		{0F21B847-7295-4BD3-A966-C66C9D34353E}.Release-Lib|Win32.Build.0 = Release|Win32
		{0F21B847-7295-4BD3-A966-C66C9D34353E}.Release-Lib|x64.ActiveCfg = Release|Win32
		{29707C0A-73E2-43DE-8F6D-F2DB06808D14}.Debug|Win32.ActiveCfg = Debug|Win32
		{29707C0A-73E2-43DE-8F6D-F2DB06808D14}.Debug|Win32.Build.0 = Debug|Win32
		{29707C0A-73E2-43DE-8F6D-F2DB06808D14}.Debug|x64.ActiveCfg = Debug|Win32
		{29707C0A-73E2-43DE-8F6D-F2DB06808D14}.Debug-Dll|Win32.ActiveCfg = Debug|Win32
		{29707C0A-73E2-43DE-8F6D-F2DB06808D14}.Debug-Dll|Win32.Build.0 = Debug|Win32
		{29707C0A-73E2-43DE-8F6D-F2DB06808D14}.Debug-Dll|x64.ActiveCfg = Debug|Win32
		{29707C0A-73E2-43DE-8F6D-F2DB06808D14}.Debug-Lib|Win32.ActiveCfg = Debug|Win32
		{29707C0A-73E2-43DE-8F6D-F2DB06808D14}.Debug-Lib|Win32.Build.0 = Debug|Win32
		{29707C0A-73E2-43DE-8F6D-F2DB06808D14}.Debug-Lib|x64.ActiveCfg = Debug|Win32
		{29707C0A-73E2-43DE-8F6D-F2DB06808D14}.Release|Win32.ActiveCfg = Release|Win32
		{29707C0A-73E2-43DE-8F6D-F2DB06808D14}.Release|Win32.Build.0 = Release|Win32
		{29707C0A-73E2-43DE-8F6D-F2DB06808D14}.Release|x64.ActiveCfg = Release|Win32
		{29707C0A-73E2-43DE-8F6D-F2DB06808D14}.Release-Dll|Win32.ActiveCfg = Release|Win32
		{29707C0A-73E2-43DE-8F6D-F2DB06808D14}.Release-Dll|Win32.Build.0 = Release|Win32
		{29707C0A-73E2-43DE-8F6D-F2DB06808D14}.Release-Dll|x64.ActiveCfg = Release|Win32
		{29707C0A-73E2-43DE-8F6D-F2DB06808D14}.Release-Lib|Win32.ActiveCfg = Release|Win32
		{29707C0A-73E2-43DE-8F6D-F2DB06808D14}.Release-Lib|Win32.Build.0 = Release|Win32
		{29707C0A-73E2-43DE-8F6D-F2DB06808D14}.Release-Lib|x64.ActiveCfg = Release|Win32
		{754C626F-CD15-4A66-943A-A0299721E5F6}.Debug|Win32.ActiveCfg = Debug|Win32
		{754C626F-CD15-4A66-943A-A0299721E5F6}.Debug|Win32.Build.0 = Debug|Win32
		{754C626F-CD15-4A66-943A-A0299721E5F6}.Debug|x64.ActiveCfg = Debug|Win32
		{754C626F-CD15-4A66-943A-A0299721E5F6}.Debug-Dll|Win32.ActiveCfg = Debug|Win32
		{754C626F-CD15-4A66-943A-A0299721E5F6}.Debug-Dll|Win32.Build.0 = Debug|Win32
		{754C626F-CD15-4A66-943A-A0299721E5F6}.Debug-Dll|x64.ActiveCfg = Debug|Win32
		{754C626F-CD15-4A66-943A-A0299721E5F6}.Debug-Lib|Win32.ActiveCfg = Debug|Win32
		{754C626F-CD15-4A66-943A-A0299721E5F6}.Debug-Lib|Win32.Build.0 = Debug|Win32
		{754C626F-CD15-4A66-943A-A0299721E5F6}.Debug-Lib|x64.ActiveCfg = Debug|Win32
		{754C626F-CD15-4A66-943A-A0299721E5F6}.Release|Win32.ActiveCfg = Release|Win32
		{754C626F-CD15-4A66-943A-A0299721E5F6}.Release|Win32.Build.0 = Release|Win32
		{754C626F-CD15-4A66-943A-A0299721E5F6}.Release|x64.ActiveCfg = Release|Win32
		{754C626F-CD15-4A66-943A-A0299721E5F6}.Release-Dll|Win32.ActiveCfg = Release|Win32
		{754C626F-CD15-4A66-943A-A0299721E5F6}.Release-Dll|Win32.Build.0 = Release|Win32
		{754C626F-CD15-4A66-943A-A0299721E5F6}.Release-Dll|x64.ActiveCfg = Release|Win32
		{754C626F-CD15-4A66-943A-A0299721E5F6}.Release-Lib|Win32.ActiveCfg = Release|Win32
		{754C626F-CD15-4A66-943A-A0299721E5F6}.Release-Lib|Win32.Build.0 = Release|Win32
		{754C626F-CD15-4A66-943A-A0299721E5F6}.Release-Lib|x64.ActiveCfg = Release|Win32
	EndGlobalSection
	GlobalSection(SolutionProperties) = preSolution
		HideSolutionNode = FALSE
	EndGlobalSection
EndGlobal
