
Microsoft Visual Studio Solution File, Format Version 12.00
# Visual Studio 2013
VisualStudioVersion = 12.0.31101.0
MinimumVisualStudioVersion = 10.0.40219.1
Project("{8BC9CEB8-8B4A-11D0-8D11-00A0C91BC942}") = "simplebmxplayer", "simplebmxplayer\simplebmxplayer.vcxproj", "{31AFC055-6B30-4ED3-8E41-4778437435A3}"
	ProjectSection(ProjectDependencies) = postProject
		{29707C0A-73E2-43DE-8F6D-F2DB06808D14} = {29707C0A-73E2-43DE-8F6D-F2DB06808D14}
	EndProjectSection
EndProject
Project("{8BC9CEB8-8B4A-11D0-8D11-00A0C91BC942}") = "bmsbel", "..\bmsbel+\bmsbel\bmsbel.vcxproj", "{29707C0A-73E2-43DE-8F6D-F2DB06808D14}"
EndProject
Project("{8BC9CEB8-8B4A-11D0-8D11-00A0C91BC942}") = "skinparser", "skinparser\skinparser.vcxproj", "{6F9F2C5D-76B4-47EF-B03C-2BC7489F36EF}"
EndProject
Project("{8BC9CEB8-8B4A-11D0-8D11-00A0C91BC942}") = "Lua", "Lua\Lua.vcxproj", "{63720C68-10F3-44B7-BF1A-840F060929DF}"
EndProject
Global
	GlobalSection(SolutionConfigurationPlatforms) = preSolution
		Debug|Win32 = Debug|Win32
		Release|Win32 = Release|Win32
	EndGlobalSection
	GlobalSection(ProjectConfigurationPlatforms) = postSolution
		{31AFC055-6B30-4ED3-8E41-4778437435A3}.Debug|Win32.ActiveCfg = Debug|Win32
		{31AFC055-6B30-4ED3-8E41-4778437435A3}.Debug|Win32.Build.0 = Debug|Win32
		{31AFC055-6B30-4ED3-8E41-4778437435A3}.Release|Win32.ActiveCfg = Release|Win32
		{31AFC055-6B30-4ED3-8E41-4778437435A3}.Release|Win32.Build.0 = Release|Win32
		{29707C0A-73E2-43DE-8F6D-F2DB06808D14}.Debug|Win32.ActiveCfg = Debug|Win32
		{29707C0A-73E2-43DE-8F6D-F2DB06808D14}.Debug|Win32.Build.0 = Debug|Win32
		{29707C0A-73E2-43DE-8F6D-F2DB06808D14}.Release|Win32.ActiveCfg = Release|Win32
		{29707C0A-73E2-43DE-8F6D-F2DB06808D14}.Release|Win32.Build.0 = Release|Win32
		{6F9F2C5D-76B4-47EF-B03C-2BC7489F36EF}.Debug|Win32.ActiveCfg = Debug|Win32
		{6F9F2C5D-76B4-47EF-B03C-2BC7489F36EF}.Debug|Win32.Build.0 = Debug|Win32
		{6F9F2C5D-76B4-47EF-B03C-2BC7489F36EF}.Release|Win32.ActiveCfg = Release|Win32
		{6F9F2C5D-76B4-47EF-B03C-2BC7489F36EF}.Release|Win32.Build.0 = Release|Win32
		{63720C68-10F3-44B7-BF1A-840F060929DF}.Debug|Win32.ActiveCfg = Debug|Win32
		{63720C68-10F3-44B7-BF1A-840F060929DF}.Debug|Win32.Build.0 = Debug|Win32
		{63720C68-10F3-44B7-BF1A-840F060929DF}.Release|Win32.ActiveCfg = Release|Win32
		{63720C68-10F3-44B7-BF1A-840F060929DF}.Release|Win32.Build.0 = Release|Win32
	EndGlobalSection
	GlobalSection(SolutionProperties) = preSolution
		HideSolutionNode = FALSE
	EndGlobalSection
EndGlobal
