<?xml version="1.0" encoding="utf-8"?>
<Project ToolsVersion="4.0" xmlns="http://schemas.microsoft.com/developer/msbuild/2003">
  <ItemGroup>
    <Filter Include="Source Files">
      <UniqueIdentifier>{4FC737F1-C7A5-4376-A066-2A32D752A2FF}</UniqueIdentifier>
      <Extensions>cpp;c;cc;cxx;def;odl;idl;hpj;bat;asm;asmx</Extensions>
    </Filter>
    <Filter Include="Header Files">
      <UniqueIdentifier>{93995380-89BD-4b04-88EB-625FBE52EBFB}</UniqueIdentifier>
      <Extensions>h;hh;hpp;hxx;hm;inl;inc;xsd</Extensions>
    </Filter>
    <Filter Include="Resource Files">
      <UniqueIdentifier>{67DA6AB6-F800-4c08-8B7A-83BB121AAD01}</UniqueIdentifier>
      <Extensions>rc;ico;cur;bmp;dlg;rc2;rct;bin;rgs;gif;jpg;jpeg;jpe;resx;tiff;tif;png;wav;mfcribbon-ms</Extensions>
    </Filter>
  </ItemGroup>
  <ItemGroup>
    <ClCompile Include="main.cpp">
      <Filter>Source Files</Filter>
    </ClCompile>
    <ClCompile Include="player.cpp">
      <Filter>Source Files</Filter>
    </ClCompile>
    <ClCompile Include="image.cpp">
      <Filter>Source Files</Filter>
    </ClCompile>
    <ClCompile Include="audio.cpp">
      <Filter>Source Files</Filter>
    </ClCompile>
    <ClCompile Include="timer.cpp">
      <Filter>Source Files</Filter>
    </ClCompile>
    <ClCompile Include="gamesetting.cpp">
      <Filter>Source Files</Filter>
    </ClCompile>
    <ClCompile Include="gameplay.cpp">
      <Filter>Source Files</Filter>
    </ClCompile>
    <ClCompile Include="game.cpp">
      <Filter>Source Files</Filter>
    </ClCompile>
    <ClCompile Include="luamanager.cpp">
      <Filter>Source Files</Filter>
    </ClCompile>
    <ClCompile Include="util.cpp">
      <Filter>Source Files</Filter>
    </ClCompile>
    <ClCompile Include="logger.cpp">
      <Filter>Source Files</Filter>
    </ClCompile>
    <ClCompile Include="file.cpp">
      <Filter>Source Files</Filter>
    </ClCompile>
    <ClCompile Include="globalresources.cpp">
      <Filter>Source Files</Filter>
    </ClCompile>
    <ClCompile Include="skinlr2.cpp">
      <Filter>Source Files</Filter>
    </ClCompile>
    <ClCompile Include="skinoption.cpp">
      <Filter>Source Files</Filter>
    </ClCompile>
    <ClCompile Include="skintexturefont.cpp">
      <Filter>Source Files</Filter>
    </ClCompile>
    <ClCompile Include="skinutil.cpp">
      <Filter>Source Files</Filter>
    </ClCompile>
    <ClCompile Include="skin.cpp">
      <Filter>Source Files</Filter>
    </ClCompile>
    <ClCompile Include="bmsresource.cpp">
      <Filter>Source Files</Filter>
    </ClCompile>
    <ClCompile Include="font.cpp">
      <Filter>Source Files</Filter>
    </ClCompile>
    <ClCompile Include="playerinfo.cpp">
      <Filter>Source Files</Filter>
    </ClCompile>
    <ClCompile Include="md5.cpp">
      <Filter>Source Files</Filter>
    </ClCompile>
    <ClCompile Include="ActorBasic.cpp">
      <Filter>Source Files</Filter>
    </ClCompile>
    <ClCompile Include="ActorPlay.cpp">
      <Filter>Source Files</Filter>
    </ClCompile>
    <ClCompile Include="ActorRenderer.cpp">
      <Filter>Source Files</Filter>
    </ClCompile>
  </ItemGroup>
  <ItemGroup>
    <ClInclude Include="player.h">
      <Filter>Header Files</Filter>
    </ClInclude>
    <ClInclude Include="bmsresource.h">
      <Filter>Header Files</Filter>
    </ClInclude>
    <ClInclude Include="playrecord.h">
      <Filter>Header Files</Filter>
    </ClInclude>
    <ClInclude Include="image.h">
      <Filter>Header Files</Filter>
    </ClInclude>
    <ClInclude Include="audio.h">
      <Filter>Header Files</Filter>
    </ClInclude>
    <ClInclude Include="skin.h">
      <Filter>Header Files</Filter>
    </ClInclude>
    <ClInclude Include="timer.h">
      <Filter>Header Files</Filter>
    </ClInclude>
    <ClInclude Include="font.h">
      <Filter>Header Files</Filter>
    </ClInclude>
    <ClInclude Include="resource.h">
      <Filter>Header Files</Filter>
    </ClInclude>
    <ClInclude Include="gameplay.h">
      <Filter>Header Files</Filter>
    </ClInclude>
    <ClInclude Include="gamesetting.h">
      <Filter>Header Files</Filter>
    </ClInclude>
    <ClInclude Include="game.h">
      <Filter>Header Files</Filter>
    </ClInclude>
    <ClInclude Include="luamanager.h">
      <Filter>Header Files</Filter>
    </ClInclude>
    <ClInclude Include="global.h">
      <Filter>Header Files</Filter>
    </ClInclude>
    <ClInclude Include="StdString.h">
      <Filter>Header Files</Filter>
    </ClInclude>
    <ClInclude Include="util.h">
      <Filter>Header Files</Filter>
    </ClInclude>
    <ClInclude Include="logger.h">
      <Filter>Header Files</Filter>
    </ClInclude>
    <ClInclude Include="file.h">
      <Filter>Header Files</Filter>
    </ClInclude>
    <ClInclude Include="globalresources.h">
      <Filter>Header Files</Filter>
    </ClInclude>
    <ClInclude Include="skinoption.h">
      <Filter>Header Files</Filter>
    </ClInclude>
    <ClInclude Include="skintexturefont.h">
      <Filter>Header Files</Filter>
    </ClInclude>
    <ClInclude Include="skinutil.h">
      <Filter>Header Files</Filter>
    </ClInclude>
    <ClInclude Include="handlerargs.h">
      <Filter>Header Files</Filter>
    </ClInclude>
    <ClInclude Include="exception.h">
      <Filter>Header Files</Filter>
    </ClInclude>
    <ClInclude Include="md5.h">
      <Filter>Header Files</Filter>
    </ClInclude>
    <ClInclude Include="playerinfo.h">
      <Filter>Header Files</Filter>
    </ClInclude>
    <ClInclude Include="version.h">
      <Filter>Header Files</Filter>
    </ClInclude>
    <ClInclude Include="ActorBasic.h">
      <Filter>Header Files</Filter>
    </ClInclude>
    <ClInclude Include="ActorPlay.h">
      <Filter>Header Files</Filter>
    </ClInclude>
    <ClInclude Include="ActorRenderer.h">
      <Filter>Header Files</Filter>
    </ClInclude>
  </ItemGroup>
  <ItemGroup>
    <Library Include="..\lib\ffmpeg\avutil.lib" />
    <Library Include="..\lib\ffmpeg\postproc.lib" />
    <Library Include="..\lib\ffmpeg\swresample.lib" />
    <Library Include="..\lib\ffmpeg\swscale.lib" />
    <Library Include="..\lib\ffmpeg\avcodec.lib" />
    <Library Include="..\lib\ffmpeg\avdevice.lib" />
    <Library Include="..\lib\ffmpeg\avfilter.lib" />
    <Library Include="..\lib\ffmpeg\avformat.lib" />
    <Library Include="..\lib\x86\SDL2_image.lib" />
    <Library Include="..\lib\x86\SDL2_mixer.lib" />
    <Library Include="..\lib\x86\SDL2.lib" />
    <Library Include="..\lib\x86\SDL2_ttf.lib" />
    <Library Include="..\lib\x86\SDL_FontCache.lib" />
    <Library Include="..\lib\x86\SDL2main.lib" />
    <Library Include="..\lib\x86\pthreadVC2.lib" />
    <Library Include="..\lib\x86\zdll.lib" />
    <Library Include="..\lib\x86\zziplib-Release.lib" />
  </ItemGroup>
  <ItemGroup>
    <ResourceCompile Include="simplebmxplayer.rc">
      <Filter>Resource Files</Filter>
    </ResourceCompile>
  </ItemGroup>
</Project>